// !$*UTF8*$!
{
	archiveVersion = 1;
	classes = {
	};
	objectVersion = 56;
	objects = {

/* Begin PBXBuildFile section */
		FFE2479C2B15E39900032AD0 /* BabyAppApp.swift in Sources */ = {isa = PBXBuildFile; fileRef = FFE2479B2B15E39900032AD0 /* BabyAppApp.swift */; };
		FFE2479E2B15E39900032AD0 /* ContentView.swift in Sources */ = {isa = PBXBuildFile; fileRef = FFE2479D2B15E39900032AD0 /* ContentView.swift */; };
		FFE247A02B15E39A00032AD0 /* Assets.xcassets in Resources */ = {isa = PBXBuildFile; fileRef = FFE2479F2B15E39A00032AD0 /* Assets.xcassets */; };
		FFE247A32B15E39A00032AD0 /* Preview Assets.xcassets in Resources */ = {isa = PBXBuildFile; fileRef = FFE247A22B15E39A00032AD0 /* Preview Assets.xcassets */; };
		FFE247AD2B15F23400032AD0 /* BlockMoodsView.swift in Sources */ = {isa = PBXBuildFile; fileRef = FFE247AC2B15F23400032AD0 /* BlockMoodsView.swift */; };
		FFE247AF2B1603C400032AD0 /* BlockBooldView.swift in Sources */ = {isa = PBXBuildFile; fileRef = FFE247AE2B1603C400032AD0 /* BlockBooldView.swift */; };
		FFE247B32B1608D000032AD0 /* BlockShugarView.swift in Sources */ = {isa = PBXBuildFile; fileRef = FFE247B22B1608D000032AD0 /* BlockShugarView.swift */; };
		FFE247B52B160A2500032AD0 /* BlockBMIView.swift in Sources */ = {isa = PBXBuildFile; fileRef = FFE247B42B160A2500032AD0 /* BlockBMIView.swift */; };
		FFE247B72B160B0100032AD0 /* BlockSleepView.swift in Sources */ = {isa = PBXBuildFile; fileRef = FFE247B62B160B0100032AD0 /* BlockSleepView.swift */; };
		FFE247BC2B173F9900032AD0 /* ProgressView.swift in Sources */ = {isa = PBXBuildFile; fileRef = FFE247BB2B173F9900032AD0 /* ProgressView.swift */; };
		FFE247BE2B174DB300032AD0 /* DataModel.swift in Sources */ = {isa = PBXBuildFile; fileRef = FFE247BD2B174DB300032AD0 /* DataModel.swift */; };
/* End PBXBuildFile section */

/* Begin PBXFileReference section */
		FFE247982B15E39900032AD0 /* BabyApp.app */ = {isa = PBXFileReference; explicitFileType = wrapper.application; includeInIndex = 0; path = BabyApp.app; sourceTree = BUILT_PRODUCTS_DIR; };
		FFE2479B2B15E39900032AD0 /* BabyAppApp.swift */ = {isa = PBXFileReference; lastKnownFileType = sourcecode.swift; path = BabyAppApp.swift; sourceTree = "<group>"; };
		FFE2479D2B15E39900032AD0 /* ContentView.swift */ = {isa = PBXFileReference; lastKnownFileType = sourcecode.swift; path = ContentView.swift; sourceTree = "<group>"; };
		FFE2479F2B15E39A00032AD0 /* Assets.xcassets */ = {isa = PBXFileReference; lastKnownFileType = folder.assetcatalog; path = Assets.xcassets; sourceTree = "<group>"; };
		FFE247A22B15E39A00032AD0 /* Preview Assets.xcassets */ = {isa = PBXFileReference; lastKnownFileType = folder.assetcatalog; path = "Preview Assets.xcassets"; sourceTree = "<group>"; };
		FFE247AC2B15F23400032AD0 /* BlockMoodsView.swift */ = {isa = PBXFileReference; lastKnownFileType = sourcecode.swift; path = BlockMoodsView.swift; sourceTree = "<group>"; };
		FFE247AE2B1603C400032AD0 /* BlockBooldView.swift */ = {isa = PBXFileReference; lastKnownFileType = sourcecode.swift; path = BlockBooldView.swift; sourceTree = "<group>"; };
		FFE247B22B1608D000032AD0 /* BlockShugarView.swift */ = {isa = PBXFileReference; lastKnownFileType = sourcecode.swift; path = BlockShugarView.swift; sourceTree = "<group>"; };
		FFE247B42B160A2500032AD0 /* BlockBMIView.swift */ = {isa = PBXFileReference; lastKnownFileType = sourcecode.swift; path = BlockBMIView.swift; sourceTree = "<group>"; };
		FFE247B62B160B0100032AD0 /* BlockSleepView.swift */ = {isa = PBXFileReference; lastKnownFileType = sourcecode.swift; path = BlockSleepView.swift; sourceTree = "<group>"; };
		FFE247BB2B173F9900032AD0 /* ProgressView.swift */ = {isa = PBXFileReference; lastKnownFileType = sourcecode.swift; path = ProgressView.swift; sourceTree = "<group>"; };
		FFE247BD2B174DB300032AD0 /* DataModel.swift */ = {isa = PBXFileReference; lastKnownFileType = sourcecode.swift; path = DataModel.swift; sourceTree = "<group>"; };
/* End PBXFileReference section */

/* Begin PBXFrameworksBuildPhase section */
		FFE247952B15E39900032AD0 /* Frameworks */ = {
			isa = PBXFrameworksBuildPhase;
			buildActionMask = 2147483647;
			files = (
			);
			runOnlyForDeploymentPostprocessing = 0;
		};
/* End PBXFrameworksBuildPhase section */

/* Begin PBXGroup section */
		FFE2478F2B15E39900032AD0 = {
			isa = PBXGroup;
			children = (
				FFE2479A2B15E39900032AD0 /* BabyApp */,
				FFE247992B15E39900032AD0 /* Products */,
			);
			sourceTree = "<group>";
		};
		FFE247992B15E39900032AD0 /* Products */ = {
			isa = PBXGroup;
			children = (
				FFE247982B15E39900032AD0 /* BabyApp.app */,
			);
			name = Products;
			sourceTree = "<group>";
		};
		FFE2479A2B15E39900032AD0 /* BabyApp */ = {
			isa = PBXGroup;
			children = (
				FFE2479B2B15E39900032AD0 /* BabyAppApp.swift */,
				FFE2479D2B15E39900032AD0 /* ContentView.swift */,
				FFE247AB2B15E44E00032AD0 /* View */,
				FFE247B82B161D1000032AD0 /* Model */,
				FFE2479F2B15E39A00032AD0 /* Assets.xcassets */,
				FFE247A12B15E39A00032AD0 /* Preview Content */,
			);
			path = BabyApp;
			sourceTree = "<group>";
		};
		FFE247A12B15E39A00032AD0 /* Preview Content */ = {
			isa = PBXGroup;
			children = (
				FFE247A22B15E39A00032AD0 /* Preview Assets.xcassets */,
			);
			path = "Preview Content";
			sourceTree = "<group>";
		};
		FFE247AB2B15E44E00032AD0 /* View */ = {
			isa = PBXGroup;
			children = (
				FFE247AC2B15F23400032AD0 /* BlockMoodsView.swift */,
				FFE247AE2B1603C400032AD0 /* BlockBooldView.swift */,
				FFE247B22B1608D000032AD0 /* BlockShugarView.swift */,
				FFE247B42B160A2500032AD0 /* BlockBMIView.swift */,
				FFE247B62B160B0100032AD0 /* BlockSleepView.swift */,
				FFE247BB2B173F9900032AD0 /* ProgressView.swift */,
			);
			path = View;
			sourceTree = "<group>";
		};
		FFE247B82B161D1000032AD0 /* Model */ = {
			isa = PBXGroup;
			children = (
				FFE247BD2B174DB300032AD0 /* DataModel.swift */,
			);
			path = Model;
			sourceTree = "<group>";
		};
/* End PBXGroup section */

/* Begin PBXNativeTarget section */
		FFE247972B15E39900032AD0 /* BabyApp */ = {
			isa = PBXNativeTarget;
			buildConfigurationList = FFE247A62B15E39A00032AD0 /* Build configuration list for PBXNativeTarget "BabyApp" */;
			buildPhases = (
				FFE247942B15E39900032AD0 /* Sources */,
				FFE247952B15E39900032AD0 /* Frameworks */,
				FFE247962B15E39900032AD0 /* Resources */,
			);
			buildRules = (
			);
			dependencies = (
			);
			name = BabyApp;
			productName = BabyApp;
			productReference = FFE247982B15E39900032AD0 /* BabyApp.app */;
			productType = "com.apple.product-type.application";
		};
/* End PBXNativeTarget section */

/* Begin PBXProject section */
		FFE247902B15E39900032AD0 /* Project object */ = {
			isa = PBXProject;
			attributes = {
				BuildIndependentTargetsInParallel = 1;
				LastSwiftUpdateCheck = 1500;
				LastUpgradeCheck = 1500;
				TargetAttributes = {
					FFE247972B15E39900032AD0 = {
						CreatedOnToolsVersion = 15.0.1;
					};
				};
			};
			buildConfigurationList = FFE247932B15E39900032AD0 /* Build configuration list for PBXProject "BabyApp" */;
			compatibilityVersion = "Xcode 14.0";
			developmentRegion = en;
			hasScannedForEncodings = 0;
			knownRegions = (
				en,
				Base,
			);
			mainGroup = FFE2478F2B15E39900032AD0;
			productRefGroup = FFE247992B15E39900032AD0 /* Products */;
			projectDirPath = "";
			projectRoot = "";
			targets = (
				FFE247972B15E39900032AD0 /* BabyApp */,
			);
		};
/* End PBXProject section */

/* Begin PBXResourcesBuildPhase section */
		FFE247962B15E39900032AD0 /* Resources */ = {
			isa = PBXResourcesBuildPhase;
			buildActionMask = 2147483647;
			files = (
				FFE247A32B15E39A00032AD0 /* Preview Assets.xcassets in Resources */,
				FFE247A02B15E39A00032AD0 /* Assets.xcassets in Resources */,
			);
			runOnlyForDeploymentPostprocessing = 0;
		};
/* End PBXResourcesBuildPhase section */

/* Begin PBXSourcesBuildPhase section */
		FFE247942B15E39900032AD0 /* Sources */ = {
			isa = PBXSourcesBuildPhase;
			buildActionMask = 2147483647;
			files = (
				FFE247AD2B15F23400032AD0 /* BlockMoodsView.swift in Sources */,
				FFE2479E2B15E39900032AD0 /* ContentView.swift in Sources */,
				FFE247B52B160A2500032AD0 /* BlockBMIView.swift in Sources */,
				FFE247AF2B1603C400032AD0 /* BlockBooldView.swift in Sources */,
				FFE2479C2B15E39900032AD0 /* BabyAppApp.swift in Sources */,
				FFE247B72B160B0100032AD0 /* BlockSleepView.swift in Sources */,
				FFE247B32B1608D000032AD0 /* BlockShugarView.swift in Sources */,
				FFE247BC2B173F9900032AD0 /* ProgressView.swift in Sources */,
				FFE247BE2B174DB300032AD0 /* DataModel.swift in Sources */,
			);
			runOnlyForDeploymentPostprocessing = 0;
		};
/* End PBXSourcesBuildPhase section */

/* Begin XCBuildConfiguration section */
		FFE247A42B15E39A00032AD0 /* Debug */ = {
			isa = XCBuildConfiguration;
			buildSettings = {
				ALWAYS_SEARCH_USER_PATHS = NO;
				ASSETCATALOG_COMPILER_GENERATE_SWIFT_ASSET_SYMBOL_EXTENSIONS = YES;
				CLANG_ANALYZER_NONNULL = YES;
				CLANG_ANALYZER_NUMBER_OBJECT_CONVERSION = YES_AGGRESSIVE;
				CLANG_CXX_LANGUAGE_STANDARD = "gnu++20";
				CLANG_ENABLE_MODULES = YES;
				CLANG_ENABLE_OBJC_ARC = YES;
				CLANG_ENABLE_OBJC_WEAK = YES;
				CLANG_WARN_BLOCK_CAPTURE_AUTORELEASING = YES;
				CLANG_WARN_BOOL_CONVERSION = YES;
				CLANG_WARN_COMMA = YES;
				CLANG_WARN_CONSTANT_CONVERSION = YES;
				CLANG_WARN_DEPRECATED_OBJC_IMPLEMENTATIONS = YES;
				CLANG_WARN_DIRECT_OBJC_ISA_USAGE = YES_ERROR;
				CLANG_WARN_DOCUMENTATION_COMMENTS = YES;
				CLANG_WARN_EMPTY_BODY = YES;
				CLANG_WARN_ENUM_CONVERSION = YES;
				CLANG_WARN_INFINITE_RECURSION = YES;
				CLANG_WARN_INT_CONVERSION = YES;
				CLANG_WARN_NON_LITERAL_NULL_CONVERSION = YES;
				CLANG_WARN_OBJC_IMPLICIT_RETAIN_SELF = YES;
				CLANG_WARN_OBJC_LITERAL_CONVERSION = YES;
				CLANG_WARN_OBJC_ROOT_CLASS = YES_ERROR;
				CLANG_WARN_QUOTED_INCLUDE_IN_FRAMEWORK_HEADER = YES;
				CLANG_WARN_RANGE_LOOP_ANALYSIS = YES;
				CLANG_WARN_STRICT_PROTOTYPES = YES;
				CLANG_WARN_SUSPICIOUS_MOVE = YES;
				CLANG_WARN_UNGUARDED_AVAILABILITY = YES_AGGRESSIVE;
				CLANG_WARN_UNREACHABLE_CODE = YES;
				CLANG_WARN__DUPLICATE_METHOD_MATCH = YES;
				COPY_PHASE_STRIP = NO;
				DEBUG_INFORMATION_FORMAT = dwarf;
				ENABLE_STRICT_OBJC_MSGSEND = YES;
				ENABLE_TESTABILITY = YES;
				ENABLE_USER_SCRIPT_SANDBOXING = YES;
				GCC_C_LANGUAGE_STANDARD = gnu17;
				GCC_DYNAMIC_NO_PIC = NO;
				GCC_NO_COMMON_BLOCKS = YES;
				GCC_OPTIMIZATION_LEVEL = 0;
				GCC_PREPROCESSOR_DEFINITIONS = (
					"DEBUG=1",
					"$(inherited)",
				);
				GCC_WARN_64_TO_32_BIT_CONVERSION = YES;
				GCC_WARN_ABOUT_RETURN_TYPE = YES_ERROR;
				GCC_WARN_UNDECLARED_SELECTOR = YES;
				GCC_WARN_UNINITIALIZED_AUTOS = YES_AGGRESSIVE;
				GCC_WARN_UNUSED_FUNCTION = YES;
				GCC_WARN_UNUSED_VARIABLE = YES;
				IPHONEOS_DEPLOYMENT_TARGET = 17.0;
				LOCALIZATION_PREFERS_STRING_CATALOGS = YES;
				MTL_ENABLE_DEBUG_INFO = INCLUDE_SOURCE;
				MTL_FAST_MATH = YES;
				ONLY_ACTIVE_ARCH = YES;
				SDKROOT = iphoneos;
				SWIFT_ACTIVE_COMPILATION_CONDITIONS = "DEBUG $(inherited)";
				SWIFT_OPTIMIZATION_LEVEL = "-Onone";
			};
			name = Debug;
		};
		FFE247A52B15E39A00032AD0 /* Release */ = {
			isa = XCBuildConfiguration;
			buildSettings = {
				ALWAYS_SEARCH_USER_PATHS = NO;
				ASSETCATALOG_COMPILER_GENERATE_SWIFT_ASSET_SYMBOL_EXTENSIONS = YES;
				CLANG_ANALYZER_NONNULL = YES;
				CLANG_ANALYZER_NUMBER_OBJECT_CONVERSION = YES_AGGRESSIVE;
				CLANG_CXX_LANGUAGE_STANDARD = "gnu++20";
				CLANG_ENABLE_MODULES = YES;
				CLANG_ENABLE_OBJC_ARC = YES;
				CLANG_ENABLE_OBJC_WEAK = YES;
				CLANG_WARN_BLOCK_CAPTURE_AUTORELEASING = YES;
				CLANG_WARN_BOOL_CONVERSION = YES;
				CLANG_WARN_COMMA = YES;
				CLANG_WARN_CONSTANT_CONVERSION = YES;
				CLANG_WARN_DEPRECATED_OBJC_IMPLEMENTATIONS = YES;
				CLANG_WARN_DIRECT_OBJC_ISA_USAGE = YES_ERROR;
				CLANG_WARN_DOCUMENTATION_COMMENTS = YES;
				CLANG_WARN_EMPTY_BODY = YES;
				CLANG_WARN_ENUM_CONVERSION = YES;
				CLANG_WARN_INFINITE_RECURSION = YES;
				CLANG_WARN_INT_CONVERSION = YES;
				CLANG_WARN_NON_LITERAL_NULL_CONVERSION = YES;
				CLANG_WARN_OBJC_IMPLICIT_RETAIN_SELF = YES;
				CLANG_WARN_OBJC_LITERAL_CONVERSION = YES;
				CLANG_WARN_OBJC_ROOT_CLASS = YES_ERROR;
				CLANG_WARN_QUOTED_INCLUDE_IN_FRAMEWORK_HEADER = YES;
				CLANG_WARN_RANGE_LOOP_ANALYSIS = YES;
				CLANG_WARN_STRICT_PROTOTYPES = YES;
				CLANG_WARN_SUSPICIOUS_MOVE = YES;
				CLANG_WARN_UNGUARDED_AVAILABILITY = YES_AGGRESSIVE;
				CLANG_WARN_UNREACHABLE_CODE = YES;
				CLANG_WARN__DUPLICATE_METHOD_MATCH = YES;
				COPY_PHASE_STRIP = NO;
				DEBUG_INFORMATION_FORMAT = "dwarf-with-dsym";
				ENABLE_NS_ASSERTIONS = NO;
				ENABLE_STRICT_OBJC_MSGSEND = YES;
				ENABLE_USER_SCRIPT_SANDBOXING = YES;
				GCC_C_LANGUAGE_STANDARD = gnu17;
				GCC_NO_COMMON_BLOCKS = YES;
				GCC_WARN_64_TO_32_BIT_CONVERSION = YES;
				GCC_WARN_ABOUT_RETURN_TYPE = YES_ERROR;
				GCC_WARN_UNDECLARED_SELECTOR = YES;
				GCC_WARN_UNINITIALIZED_AUTOS = YES_AGGRESSIVE;
				GCC_WARN_UNUSED_FUNCTION = YES;
				GCC_WARN_UNUSED_VARIABLE = YES;
				IPHONEOS_DEPLOYMENT_TARGET = 17.0;
				LOCALIZATION_PREFERS_STRING_CATALOGS = YES;
				MTL_ENABLE_DEBUG_INFO = NO;
				MTL_FAST_MATH = YES;
				SDKROOT = iphoneos;
				SWIFT_COMPILATION_MODE = wholemodule;
				VALIDATE_PRODUCT = YES;
			};
			name = Release;
		};
		FFE247A72B15E39A00032AD0 /* Debug */ = {
			isa = XCBuildConfiguration;
			buildSettings = {
				ASSETCATALOG_COMPILER_APPICON_NAME = AppIcon;
				ASSETCATALOG_COMPILER_GLOBAL_ACCENT_COLOR_NAME = AccentColor;
				CODE_SIGN_STYLE = Automatic;
				CURRENT_PROJECT_VERSION = 1;
				DEVELOPMENT_ASSET_PATHS = "\"BabyApp/Preview Content\"";
				ENABLE_PREVIEWS = YES;
				GENERATE_INFOPLIST_FILE = YES;
				INFOPLIST_KEY_UIApplicationSceneManifest_Generation = YES;
				INFOPLIST_KEY_UIApplicationSupportsIndirectInputEvents = YES;
				INFOPLIST_KEY_UILaunchScreen_Generation = YES;
				INFOPLIST_KEY_UISupportedInterfaceOrientations_iPad = "UIInterfaceOrientationPortrait UIInterfaceOrientationPortraitUpsideDown UIInterfaceOrientationLandscapeLeft UIInterfaceOrientationLandscapeRight";
				INFOPLIST_KEY_UISupportedInterfaceOrientations_iPhone = "UIInterfaceOrientationPortrait UIInterfaceOrientationLandscapeLeft UIInterfaceOrientationLandscapeRight";
				IPHONEOS_DEPLOYMENT_TARGET = 15.0;
				LD_RUNPATH_SEARCH_PATHS = (
					"$(inherited)",
					"@executable_path/Frameworks",
				);
				MARKETING_VERSION = 1.0;
				PRODUCT_BUNDLE_IDENTIFIER = VasyaOne.BabyApp;
				PRODUCT_NAME = "$(TARGET_NAME)";
				SWIFT_EMIT_LOC_STRINGS = YES;
				SWIFT_VERSION = 5.0;
				TARGETED_DEVICE_FAMILY = "1,2";
			};
			name = Debug;
		};
		FFE247A82B15E39A00032AD0 /* Release */ = {
			isa = XCBuildConfiguration;
			buildSettings = {
				ASSETCATALOG_COMPILER_APPICON_NAME = AppIcon;
				ASSETCATALOG_COMPILER_GLOBAL_ACCENT_COLOR_NAME = AccentColor;
				CODE_SIGN_STYLE = Automatic;
				CURRENT_PROJECT_VERSION = 1;
				DEVELOPMENT_ASSET_PATHS = "\"BabyApp/Preview Content\"";
				ENABLE_PREVIEWS = YES;
				GENERATE_INFOPLIST_FILE = YES;
				INFOPLIST_KEY_UIApplicationSceneManifest_Generation = YES;
				INFOPLIST_KEY_UIApplicationSupportsIndirectInputEvents = YES;
				INFOPLIST_KEY_UILaunchScreen_Generation = YES;
				INFOPLIST_KEY_UISupportedInterfaceOrientations_iPad = "UIInterfaceOrientationPortrait UIInterfaceOrientationPortraitUpsideDown UIInterfaceOrientationLandscapeLeft UIInterfaceOrientationLandscapeRight";
				INFOPLIST_KEY_UISupportedInterfaceOrientations_iPhone = "UIInterfaceOrientationPortrait UIInterfaceOrientationLandscapeLeft UIInterfaceOrientationLandscapeRight";
				IPHONEOS_DEPLOYMENT_TARGET = 15.0;
				LD_RUNPATH_SEARCH_PATHS = (
					"$(inherited)",
					"@executable_path/Frameworks",
				);
				MARKETING_VERSION = 1.0;
				PRODUCT_BUNDLE_IDENTIFIER = VasyaOne.BabyApp;
				PRODUCT_NAME = "$(TARGET_NAME)";
				SWIFT_EMIT_LOC_STRINGS = YES;
				SWIFT_VERSION = 5.0;
				TARGETED_DEVICE_FAMILY = "1,2";
			};
			name = Release;
		};
/* End XCBuildConfiguration section */

/* Begin XCConfigurationList section */
		FFE247932B15E39900032AD0 /* Build configuration list for PBXProject "BabyApp" */ = {
			isa = XCConfigurationList;
			buildConfigurations = (
				FFE247A42B15E39A00032AD0 /* Debug */,
				FFE247A52B15E39A00032AD0 /* Release */,
			);
			defaultConfigurationIsVisible = 0;
			defaultConfigurationName = Release;
		};
		FFE247A62B15E39A00032AD0 /* Build configuration list for PBXNativeTarget "BabyApp" */ = {
			isa = XCConfigurationList;
			buildConfigurations = (
				FFE247A72B15E39A00032AD0 /* Debug */,
				FFE247A82B15E39A00032AD0 /* Release */,
			);
			defaultConfigurationIsVisible = 0;
			defaultConfigurationName = Release;
		};
/* End XCConfigurationList section */
	};
	rootObject = FFE247902B15E39900032AD0 /* Project object */;
}
